
Microsoft Visual Studio Solution File, Format Version 12.00
# Visual Studio Version 17
VisualStudioVersion = 17.7.34024.191
MinimumVisualStudioVersion = 10.0.40219.1
Project("{FAE04EC0-301F-11D3-BF4B-00C04F79EFBC}") = "RazorPagesTour", "RazorPagesTour\RazorPagesTour.csproj", "{640FC579-AB0F-4DF4-8827-336DA946A342}"
EndProject
Global
	GlobalSection(SolutionConfigurationPlatforms) = preSolution
		Debug|Any CPU = Debug|Any CPU
		Release|Any CPU = Release|Any CPU
	EndGlobalSection
	GlobalSection(ProjectConfigurationPlatforms) = postSolution
		{640FC579-AB0F-4DF4-8827-336DA946A342}.Debug|Any CPU.ActiveCfg = Debug|Any CPU
		{640FC579-AB0F-4DF4-8827-336DA946A342}.Debug|Any CPU.Build.0 = Debug|Any CPU
		{640FC579-AB0F-4DF4-8827-336DA946A342}.Release|Any CPU.ActiveCfg = Release|Any CPU
		{640FC579-AB0F-4DF4-8827-336DA946A342}.Release|Any CPU.Build.0 = Release|Any CPU
	EndGlobalSection
	GlobalSection(SolutionProperties) = preSolution
		HideSolutionNode = FALSE
	EndGlobalSection
	GlobalSection(ExtensibilityGlobals) = postSolution
		SolutionGuid = {B04AA860-3C04-48C9-8F3F-CB8D9512E37F}
	EndGlobalSection
EndGlobal
